
Microsoft Visual Studio Solution File, Format Version 12.00
# Visual Studio Version 16
VisualStudioVersion = 16.0.32002.261
MinimumVisualStudioVersion = 10.0.40219.1
Project("{FAE04EC0-301F-11D3-BF4B-00C04F79EFBC}") = "Graficasion", "Graficasion\Graficasion.csproj", "{9FFE5ABA-FA30-46D1-88FC-E4493F04D14F}"
EndProject
Global
	GlobalSection(SolutionConfigurationPlatforms) = preSolution
		Debug|Any CPU = Debug|Any CPU
		Release|Any CPU = Release|Any CPU
	EndGlobalSection
	GlobalSection(ProjectConfigurationPlatforms) = postSolution
		{9FFE5ABA-FA30-46D1-88FC-E4493F04D14F}.Debug|Any CPU.ActiveCfg = Debug|Any CPU
		{9FFE5ABA-FA30-46D1-88FC-E4493F04D14F}.Debug|Any CPU.Build.0 = Debug|Any CPU
		{9FFE5ABA-FA30-46D1-88FC-E4493F04D14F}.Release|Any CPU.ActiveCfg = Release|Any CPU
		{9FFE5ABA-FA30-46D1-88FC-E4493F04D14F}.Release|Any CPU.Build.0 = Release|Any CPU
	EndGlobalSection
	GlobalSection(SolutionProperties) = preSolution
		HideSolutionNode = FALSE
	EndGlobalSection
	GlobalSection(ExtensibilityGlobals) = postSolution
		SolutionGuid = {7155FAC0-A235-4ADE-B041-4BBF4D9C3B37}
	EndGlobalSection
EndGlobal
